# This file is autogenerated, do not edit; changes may be undone by the next 'dep ensure'.


[[projects]]
  name = "gocv.io/x/gocv"
  packages = ["."]
  revision = "bc016e27fba3560070e16affd605768d68110867"
  version = "v0.17.0"

[solve-meta]
  analyzer-name = "dep"
  analyzer-version = 1
  inputs-digest = "3962715387bf39d4defb8f97f1cf8d349c9d3f687e5d405bcbecd72c759e803a"
  solver-name = "gps-cdcl"
  solver-version = 1
